
Microsoft Visual Studio Solution File, Format Version 12.00
# Visual Studio Version 17
VisualStudioVersion = 17.5.33627.172
MinimumVisualStudioVersion = 10.0.40219.1
Project("{9A19103F-16F7-4668-BE54-9A1E7A4F7556}") = "Task_2", "Task_2\Task_2.csproj", "{A842A246-4A79-43AE-AFF2-6B140B25D878}"
EndProject
Project("{9A19103F-16F7-4668-BE54-9A1E7A4F7556}") = "Task_3", "Task_3\Task_3.csproj", "{31B84E64-6736-478F-840F-6A179324644D}"
EndProject
Project("{FAE04EC0-301F-11D3-BF4B-00C04F79EFBC}") = "Task_4", "Task_4\Task_4.csproj", "{B8B99ED3-32F8-44D9-AB47-42F98BFBF852}"
EndProject
Global
	GlobalSection(SolutionConfigurationPlatforms) = preSolution
		Debug|Any CPU = Debug|Any CPU
		Release|Any CPU = Release|Any CPU
	EndGlobalSection
	GlobalSection(ProjectConfigurationPlatforms) = postSolution
		{A842A246-4A79-43AE-AFF2-6B140B25D878}.Debug|Any CPU.ActiveCfg = Debug|Any CPU
		{A842A246-4A79-43AE-AFF2-6B140B25D878}.Debug|Any CPU.Build.0 = Debug|Any CPU
		{A842A246-4A79-43AE-AFF2-6B140B25D878}.Release|Any CPU.ActiveCfg = Release|Any CPU
		{A842A246-4A79-43AE-AFF2-6B140B25D878}.Release|Any CPU.Build.0 = Release|Any CPU
		{31B84E64-6736-478F-840F-6A179324644D}.Debug|Any CPU.ActiveCfg = Debug|Any CPU
		{31B84E64-6736-478F-840F-6A179324644D}.Debug|Any CPU.Build.0 = Debug|Any CPU
		{31B84E64-6736-478F-840F-6A179324644D}.Release|Any CPU.ActiveCfg = Release|Any CPU
		{31B84E64-6736-478F-840F-6A179324644D}.Release|Any CPU.Build.0 = Release|Any CPU
		{B8B99ED3-32F8-44D9-AB47-42F98BFBF852}.Debug|Any CPU.ActiveCfg = Debug|Any CPU
		{B8B99ED3-32F8-44D9-AB47-42F98BFBF852}.Debug|Any CPU.Build.0 = Debug|Any CPU
		{B8B99ED3-32F8-44D9-AB47-42F98BFBF852}.Release|Any CPU.ActiveCfg = Release|Any CPU
		{B8B99ED3-32F8-44D9-AB47-42F98BFBF852}.Release|Any CPU.Build.0 = Release|Any CPU
	EndGlobalSection
	GlobalSection(SolutionProperties) = preSolution
		HideSolutionNode = FALSE
	EndGlobalSection
	GlobalSection(ExtensibilityGlobals) = postSolution
		SolutionGuid = {685983BE-560D-487A-9592-057A22513D3E}
	EndGlobalSection
EndGlobal
